
Microsoft Visual Studio Solution File, Format Version 12.00
# Visual Studio Version 17
VisualStudioVersion = 17.1.32328.378
MinimumVisualStudioVersion = 10.0.40219.1
Project("{FAE04EC0-301F-11D3-BF4B-00C04F79EFBC}") = "0721_Practice", "0721_Practice\0721_Practice.csproj", "{A757FDB0-DFF6-4559-9CAC-5F83BFCBF876}"
EndProject
Global
	GlobalSection(SolutionConfigurationPlatforms) = preSolution
		Debug|Any CPU = Debug|Any CPU
		Release|Any CPU = Release|Any CPU
	EndGlobalSection
	GlobalSection(ProjectConfigurationPlatforms) = postSolution
		{A757FDB0-DFF6-4559-9CAC-5F83BFCBF876}.Debug|Any CPU.ActiveCfg = Debug|Any CPU
		{A757FDB0-DFF6-4559-9CAC-5F83BFCBF876}.Debug|Any CPU.Build.0 = Debug|Any CPU
		{A757FDB0-DFF6-4559-9CAC-5F83BFCBF876}.Release|Any CPU.ActiveCfg = Release|Any CPU
		{A757FDB0-DFF6-4559-9CAC-5F83BFCBF876}.Release|Any CPU.Build.0 = Release|Any CPU
	EndGlobalSection
	GlobalSection(SolutionProperties) = preSolution
		HideSolutionNode = FALSE
	EndGlobalSection
	GlobalSection(ExtensibilityGlobals) = postSolution
		SolutionGuid = {95DD7096-7E9B-4673-89ED-2F586AD7C6BE}
	EndGlobalSection
EndGlobal
